
Microsoft Visual Studio Solution File, Format Version 12.00
Project("{FAE04EC0-301F-11D3-BF4B-00C04F79EFBC}") = "ErsatzTV", "ErsatzTV\ErsatzTV.csproj", "{E83551AD-27E4-46E5-AD06-5B0DF797B8FF}"
EndProject
Project("{FAE04EC0-301F-11D3-BF4B-00C04F79EFBC}") = "ErsatzTV.Infrastructure", "ErsatzTV.Infrastructure\ErsatzTV.Infrastructure.csproj", "{C56FC23D-B863-401E-8E7C-E92BC307AFC1}"
EndProject
Project("{FAE04EC0-301F-11D3-BF4B-00C04F79EFBC}") = "ErsatzTV.Core", "ErsatzTV.Core\ErsatzTV.Core.csproj", "{BAC52351-F5CC-47A7-9C60-3E9551A3E26A}"
EndProject
Project("{FAE04EC0-301F-11D3-BF4B-00C04F79EFBC}") = "ErsatzTV.Application", "ErsatzTV.Application\ErsatzTV.Application.csproj", "{CBA93B70-0241-4A73-ABC6-A6E3976A6D7C}"
EndProject
Project("{FAE04EC0-301F-11D3-BF4B-00C04F79EFBC}") = "ErsatzTV.Core.Tests", "ErsatzTV.Core.Tests\ErsatzTV.Core.Tests.csproj", "{CE7F1ACD-F286-4761-A7BC-A541A1E25C86}"
EndProject
Project("{FAE04EC0-301F-11D3-BF4B-00C04F79EFBC}") = "ErsatzTV.FFmpeg", "ErsatzTV.FFmpeg\ErsatzTV.FFmpeg.csproj", "{1B6A8CD8-7E5A-448E-BED2-2774BC87A20F}"
EndProject
Project("{FAE04EC0-301F-11D3-BF4B-00C04F79EFBC}") = "ErsatzTV.FFmpeg.Tests", "ErsatzTV.FFmpeg.Tests\ErsatzTV.FFmpeg.Tests.csproj", "{1C892530-CF92-4F43-8C64-BCEEF958D726}"
EndProject
Project("{FAE04EC0-301F-11D3-BF4B-00C04F79EFBC}") = "ErsatzTV.Infrastructure.Tests", "ErsatzTV.Infrastructure.Tests\ErsatzTV.Infrastructure.Tests.csproj", "{591FB3F4-4DD8-441B-B7C8-F2A42BF69992}"
EndProject
Project("{FAE04EC0-301F-11D3-BF4B-00C04F79EFBC}") = "ErsatzTV.Scanner", "ErsatzTV.Scanner\ErsatzTV.Scanner.csproj", "{5664D574-2B8B-41C1-B091-8D3E887AE24E}"
EndProject
Project("{2150E333-8FDC-42A3-9474-1A3956D46DE8}") = "Tests", "Tests", "{325E6DA0-52B3-4431-98A2-72C36F403704}"
EndProject
Project("{FAE04EC0-301F-11D3-BF4B-00C04F79EFBC}") = "ErsatzTV.Scanner.Tests", "ErsatzTV.Scanner.Tests\ErsatzTV.Scanner.Tests.csproj", "{2EF80455-953D-4696-831D-E8CBCA82B0EF}"
EndProject
Global
	GlobalSection(SolutionConfigurationPlatforms) = preSolution
		Debug|Any CPU = Debug|Any CPU
		Release|Any CPU = Release|Any CPU
		Debug No Sync|Any CPU = Debug No Sync|Any CPU
	EndGlobalSection
	GlobalSection(ProjectConfigurationPlatforms) = postSolution
		{E83551AD-27E4-46E5-AD06-5B0DF797B8FF}.Release|Any CPU.ActiveCfg = Release|Any CPU
		{E83551AD-27E4-46E5-AD06-5B0DF797B8FF}.Release|Any CPU.Build.0 = Release|Any CPU
		{E83551AD-27E4-46E5-AD06-5B0DF797B8FF}.Debug|Any CPU.ActiveCfg = Debug|Any CPU
		{E83551AD-27E4-46E5-AD06-5B0DF797B8FF}.Debug|Any CPU.Build.0 = Debug|Any CPU
		{E83551AD-27E4-46E5-AD06-5B0DF797B8FF}.Debug No Sync|Any CPU.ActiveCfg = Debug No Sync|Any CPU
		{E83551AD-27E4-46E5-AD06-5B0DF797B8FF}.Debug No Sync|Any CPU.Build.0 = Debug No Sync|Any CPU
		{C56FC23D-B863-401E-8E7C-E92BC307AFC1}.Debug|Any CPU.ActiveCfg = Debug|Any CPU
		{C56FC23D-B863-401E-8E7C-E92BC307AFC1}.Debug|Any CPU.Build.0 = Debug|Any CPU
		{C56FC23D-B863-401E-8E7C-E92BC307AFC1}.Release|Any CPU.ActiveCfg = Release|Any CPU
		{C56FC23D-B863-401E-8E7C-E92BC307AFC1}.Release|Any CPU.Build.0 = Release|Any CPU
		{C56FC23D-B863-401E-8E7C-E92BC307AFC1}.Debug No Sync|Any CPU.ActiveCfg = Debug|Any CPU
		{C56FC23D-B863-401E-8E7C-E92BC307AFC1}.Debug No Sync|Any CPU.Build.0 = Debug|Any CPU
		{BAC52351-F5CC-47A7-9C60-3E9551A3E26A}.Debug|Any CPU.ActiveCfg = Debug|Any CPU
		{BAC52351-F5CC-47A7-9C60-3E9551A3E26A}.Debug|Any CPU.Build.0 = Debug|Any CPU
		{BAC52351-F5CC-47A7-9C60-3E9551A3E26A}.Release|Any CPU.ActiveCfg = Release|Any CPU
		{BAC52351-F5CC-47A7-9C60-3E9551A3E26A}.Release|Any CPU.Build.0 = Release|Any CPU
		{BAC52351-F5CC-47A7-9C60-3E9551A3E26A}.Debug No Sync|Any CPU.ActiveCfg = Debug|Any CPU
		{BAC52351-F5CC-47A7-9C60-3E9551A3E26A}.Debug No Sync|Any CPU.Build.0 = Debug|Any CPU
		{CBA93B70-0241-4A73-ABC6-A6E3976A6D7C}.Debug|Any CPU.ActiveCfg = Debug|Any CPU
		{CBA93B70-0241-4A73-ABC6-A6E3976A6D7C}.Debug|Any CPU.Build.0 = Debug|Any CPU
		{CBA93B70-0241-4A73-ABC6-A6E3976A6D7C}.Release|Any CPU.ActiveCfg = Release|Any CPU
		{CBA93B70-0241-4A73-ABC6-A6E3976A6D7C}.Release|Any CPU.Build.0 = Release|Any CPU
		{CBA93B70-0241-4A73-ABC6-A6E3976A6D7C}.Debug No Sync|Any CPU.ActiveCfg = Debug|Any CPU
		{CBA93B70-0241-4A73-ABC6-A6E3976A6D7C}.Debug No Sync|Any CPU.Build.0 = Debug|Any CPU
		{CE7F1ACD-F286-4761-A7BC-A541A1E25C86}.Debug|Any CPU.ActiveCfg = Debug|Any CPU
		{CE7F1ACD-F286-4761-A7BC-A541A1E25C86}.Debug|Any CPU.Build.0 = Debug|Any CPU
		{CE7F1ACD-F286-4761-A7BC-A541A1E25C86}.Release|Any CPU.ActiveCfg = Release|Any CPU
		{CE7F1ACD-F286-4761-A7BC-A541A1E25C86}.Release|Any CPU.Build.0 = Release|Any CPU
		{CE7F1ACD-F286-4761-A7BC-A541A1E25C86}.Debug No Sync|Any CPU.ActiveCfg = Debug|Any CPU
		{CE7F1ACD-F286-4761-A7BC-A541A1E25C86}.Debug No Sync|Any CPU.Build.0 = Debug|Any CPU
		{1B6A8CD8-7E5A-448E-BED2-2774BC87A20F}.Debug|Any CPU.ActiveCfg = Debug|Any CPU
		{1B6A8CD8-7E5A-448E-BED2-2774BC87A20F}.Debug|Any CPU.Build.0 = Debug|Any CPU
		{1B6A8CD8-7E5A-448E-BED2-2774BC87A20F}.Release|Any CPU.ActiveCfg = Release|Any CPU
		{1B6A8CD8-7E5A-448E-BED2-2774BC87A20F}.Release|Any CPU.Build.0 = Release|Any CPU
		{1B6A8CD8-7E5A-448E-BED2-2774BC87A20F}.Debug No Sync|Any CPU.ActiveCfg = Debug|Any CPU
		{1B6A8CD8-7E5A-448E-BED2-2774BC87A20F}.Debug No Sync|Any CPU.Build.0 = Debug|Any CPU
		{1C892530-CF92-4F43-8C64-BCEEF958D726}.Debug|Any CPU.ActiveCfg = Debug|Any CPU
		{1C892530-CF92-4F43-8C64-BCEEF958D726}.Debug|Any CPU.Build.0 = Debug|Any CPU
		{1C892530-CF92-4F43-8C64-BCEEF958D726}.Release|Any CPU.ActiveCfg = Release|Any CPU
		{1C892530-CF92-4F43-8C64-BCEEF958D726}.Release|Any CPU.Build.0 = Release|Any CPU
		{1C892530-CF92-4F43-8C64-BCEEF958D726}.Debug No Sync|Any CPU.ActiveCfg = Debug|Any CPU
		{1C892530-CF92-4F43-8C64-BCEEF958D726}.Debug No Sync|Any CPU.Build.0 = Debug|Any CPU
		{591FB3F4-4DD8-441B-B7C8-F2A42BF69992}.Debug|Any CPU.ActiveCfg = Debug|Any CPU
		{591FB3F4-4DD8-441B-B7C8-F2A42BF69992}.Debug|Any CPU.Build.0 = Debug|Any CPU
		{591FB3F4-4DD8-441B-B7C8-F2A42BF69992}.Release|Any CPU.ActiveCfg = Release|Any CPU
		{591FB3F4-4DD8-441B-B7C8-F2A42BF69992}.Release|Any CPU.Build.0 = Release|Any CPU
		{591FB3F4-4DD8-441B-B7C8-F2A42BF69992}.Debug No Sync|Any CPU.ActiveCfg = Debug|Any CPU
		{591FB3F4-4DD8-441B-B7C8-F2A42BF69992}.Debug No Sync|Any CPU.Build.0 = Debug|Any CPU
		{5664D574-2B8B-41C1-B091-8D3E887AE24E}.Release|Any CPU.ActiveCfg = Release|Any CPU
		{5664D574-2B8B-41C1-B091-8D3E887AE24E}.Release|Any CPU.Build.0 = Release|Any CPU
		{5664D574-2B8B-41C1-B091-8D3E887AE24E}.Debug|Any CPU.ActiveCfg = Debug|Any CPU
		{5664D574-2B8B-41C1-B091-8D3E887AE24E}.Debug|Any CPU.Build.0 = Debug|Any CPU
		{5664D574-2B8B-41C1-B091-8D3E887AE24E}.Debug No Sync|Any CPU.ActiveCfg = Debug No Sync|Any CPU
		{5664D574-2B8B-41C1-B091-8D3E887AE24E}.Debug No Sync|Any CPU.Build.0 = Debug No Sync|Any CPU
		{2EF80455-953D-4696-831D-E8CBCA82B0EF}.Debug|Any CPU.ActiveCfg = Debug|Any CPU
		{2EF80455-953D-4696-831D-E8CBCA82B0EF}.Debug|Any CPU.Build.0 = Debug|Any CPU
		{2EF80455-953D-4696-831D-E8CBCA82B0EF}.Release|Any CPU.ActiveCfg = Release|Any CPU
		{2EF80455-953D-4696-831D-E8CBCA82B0EF}.Release|Any CPU.Build.0 = Release|Any CPU
		{2EF80455-953D-4696-831D-E8CBCA82B0EF}.Debug No Sync|Any CPU.ActiveCfg = Debug|Any CPU
		{2EF80455-953D-4696-831D-E8CBCA82B0EF}.Debug No Sync|Any CPU.Build.0 = Debug|Any CPU
	EndGlobalSection
	GlobalSection(NestedProjects) = preSolution
		{CE7F1ACD-F286-4761-A7BC-A541A1E25C86} = {325E6DA0-52B3-4431-98A2-72C36F403704}
		{1C892530-CF92-4F43-8C64-BCEEF958D726} = {325E6DA0-52B3-4431-98A2-72C36F403704}
		{591FB3F4-4DD8-441B-B7C8-F2A42BF69992} = {325E6DA0-52B3-4431-98A2-72C36F403704}
		{2EF80455-953D-4696-831D-E8CBCA82B0EF} = {325E6DA0-52B3-4431-98A2-72C36F403704}
	EndGlobalSection
EndGlobal
