
Microsoft Visual Studio Solution File, Format Version 12.00
Project("{FAE04EC0-301F-11D3-BF4B-00C04F79EFBC}") = "ErsatzTV", "ErsatzTV\ErsatzTV.csproj", "{E83551AD-27E4-46E5-AD06-5B0DF797B8FF}"
EndProject
Project("{FAE04EC0-301F-11D3-BF4B-00C04F79EFBC}") = "ErsatzTV.Infrastructure", "ErsatzTV.Infrastructure\ErsatzTV.Infrastructure.csproj", "{C56FC23D-B863-401E-8E7C-E92BC307AFC1}"
EndProject
Project("{FAE04EC0-301F-11D3-BF4B-00C04F79EFBC}") = "ErsatzTV.Core", "ErsatzTV.Core\ErsatzTV.Core.csproj", "{BAC52351-F5CC-47A7-9C60-3E9551A3E26A}"
EndProject
Project("{FAE04EC0-301F-11D3-BF4B-00C04F79EFBC}") = "ErsatzTV.Application", "ErsatzTV.Application\ErsatzTV.Application.csproj", "{CBA93B70-0241-4A73-ABC6-A6E3976A6D7C}"
EndProject
Project("{FAE04EC0-301F-11D3-BF4B-00C04F79EFBC}") = "ErsatzTV.Core.Tests", "ErsatzTV.Core.Tests\ErsatzTV.Core.Tests.csproj", "{CE7F1ACD-F286-4761-A7BC-A541A1E25C86}"
EndProject
Project("{FAE04EC0-301F-11D3-BF4B-00C04F79EFBC}") = "ErsatzTV-Windows", "ErsatzTV-Windows\ErsatzTV-Windows.csproj", "{805DB439-1CC1-44E1-A39F-F472635CF94E}"
EndProject
Global
	GlobalSection(SolutionConfigurationPlatforms) = preSolution
		Debug|Any CPU = Debug|Any CPU
		Release|Any CPU = Release|Any CPU
	EndGlobalSection
	GlobalSection(ProjectConfigurationPlatforms) = postSolution
		{E83551AD-27E4-46E5-AD06-5B0DF797B8FF}.Debug|Any CPU.ActiveCfg = Debug|Any CPU
		{E83551AD-27E4-46E5-AD06-5B0DF797B8FF}.Debug|Any CPU.Build.0 = Debug|Any CPU
		{E83551AD-27E4-46E5-AD06-5B0DF797B8FF}.Release|Any CPU.ActiveCfg = Release|Any CPU
		{E83551AD-27E4-46E5-AD06-5B0DF797B8FF}.Release|Any CPU.Build.0 = Release|Any CPU
		{C56FC23D-B863-401E-8E7C-E92BC307AFC1}.Debug|Any CPU.ActiveCfg = Debug|Any CPU
		{C56FC23D-B863-401E-8E7C-E92BC307AFC1}.Debug|Any CPU.Build.0 = Debug|Any CPU
		{C56FC23D-B863-401E-8E7C-E92BC307AFC1}.Release|Any CPU.ActiveCfg = Release|Any CPU
		{C56FC23D-B863-401E-8E7C-E92BC307AFC1}.Release|Any CPU.Build.0 = Release|Any CPU
		{BAC52351-F5CC-47A7-9C60-3E9551A3E26A}.Debug|Any CPU.ActiveCfg = Debug|Any CPU
		{BAC52351-F5CC-47A7-9C60-3E9551A3E26A}.Debug|Any CPU.Build.0 = Debug|Any CPU
		{BAC52351-F5CC-47A7-9C60-3E9551A3E26A}.Release|Any CPU.ActiveCfg = Release|Any CPU
		{BAC52351-F5CC-47A7-9C60-3E9551A3E26A}.Release|Any CPU.Build.0 = Release|Any CPU
		{CBA93B70-0241-4A73-ABC6-A6E3976A6D7C}.Debug|Any CPU.ActiveCfg = Debug|Any CPU
		{CBA93B70-0241-4A73-ABC6-A6E3976A6D7C}.Debug|Any CPU.Build.0 = Debug|Any CPU
		{CBA93B70-0241-4A73-ABC6-A6E3976A6D7C}.Release|Any CPU.ActiveCfg = Release|Any CPU
		{CBA93B70-0241-4A73-ABC6-A6E3976A6D7C}.Release|Any CPU.Build.0 = Release|Any CPU
		{CE7F1ACD-F286-4761-A7BC-A541A1E25C86}.Debug|Any CPU.ActiveCfg = Debug|Any CPU
		{CE7F1ACD-F286-4761-A7BC-A541A1E25C86}.Debug|Any CPU.Build.0 = Debug|Any CPU
		{CE7F1ACD-F286-4761-A7BC-A541A1E25C86}.Release|Any CPU.ActiveCfg = Release|Any CPU
		{CE7F1ACD-F286-4761-A7BC-A541A1E25C86}.Release|Any CPU.Build.0 = Release|Any CPU
		{805DB439-1CC1-44E1-A39F-F472635CF94E}.Debug|Any CPU.ActiveCfg = Debug|Any CPU
		{805DB439-1CC1-44E1-A39F-F472635CF94E}.Debug|Any CPU.Build.0 = Debug|Any CPU
		{805DB439-1CC1-44E1-A39F-F472635CF94E}.Release|Any CPU.ActiveCfg = Release|Any CPU
		{805DB439-1CC1-44E1-A39F-F472635CF94E}.Release|Any CPU.Build.0 = Release|Any CPU
	EndGlobalSection
	GlobalSection(NestedProjects) = preSolution
	EndGlobalSection
EndGlobal
